// !$*UTF8*$!
{
	archiveVersion = 1;
	classes = {
	};
	objectVersion = 77;
	objects = {

/* Begin PBXContainerItemProxy section */
		76ECDB672ED3007100C70DC3 /* PBXContainerItemProxy */ = {
			isa = PBXContainerItemProxy;
			containerPortal = 76ECDB502ED3007000C70DC3 /* Project object */;
			proxyType = 1;
			remoteGlobalIDString = 76ECDB572ED3007000C70DC3;
			remoteInfo = TimeSling;
		};
		76ECDB712ED3007100C70DC3 /* PBXContainerItemProxy */ = {
			isa = PBXContainerItemProxy;
			containerPortal = 76ECDB502ED3007000C70DC3 /* Project object */;
			proxyType = 1;
			remoteGlobalIDString = 76ECDB572ED3007000C70DC3;
			remoteInfo = TimeSling;
		};
/* End PBXContainerItemProxy section */

/* Begin PBXFileReference section */
		76ECDB582ED3007000C70DC3 /* TimeSling.app */ = {isa = PBXFileReference; explicitFileType = wrapper.application; includeInIndex = 0; path = TimeSling.app; sourceTree = BUILT_PRODUCTS_DIR; };
		76ECDB662ED3007100C70DC3 /* TimeSlingTests.xctest */ = {isa = PBXFileReference; explicitFileType = wrapper.cfbundle; includeInIndex = 0; path = TimeSlingTests.xctest; sourceTree = BUILT_PRODUCTS_DIR; };
		76ECDB702ED3007100C70DC3 /* TimeSlingUITests.xctest */ = {isa = PBXFileReference; explicitFileType = wrapper.cfbundle; includeInIndex = 0; path = TimeSlingUITests.xctest; sourceTree = BUILT_PRODUCTS_DIR; };
/* End PBXFileReference section */

/* Begin PBXFileSystemSynchronizedRootGroup section */
		76ECDB5A2ED3007000C70DC3 /* TimeSling */ = {
			isa = PBXFileSystemSynchronizedRootGroup;
			path = TimeSling;
			sourceTree = "<group>";
		};
		76ECDB692ED3007100C70DC3 /* TimeSlingTests */ = {
			isa = PBXFileSystemSynchronizedRootGroup;
			path = TimeSlingTests;
			sourceTree = "<group>";
		};
		76ECDB732ED3007100C70DC3 /* TimeSlingUITests */ = {
			isa = PBXFileSystemSynchronizedRootGroup;
			path = TimeSlingUITests;
			sourceTree = "<group>";
		};
/* End PBXFileSystemSynchronizedRootGroup section */

/* Begin PBXFrameworksBuildPhase section */
		76ECDB552ED3007000C70DC3 /* Frameworks */ = {
			isa = PBXFrameworksBuildPhase;
			buildActionMask = 2147483647;
			files = (
			);
			runOnlyForDeploymentPostprocessing = 0;
		};
		76ECDB632ED3007100C70DC3 /* Frameworks */ = {
			isa = PBXFrameworksBuildPhase;
			buildActionMask = 2147483647;
			files = (
			);
			runOnlyForDeploymentPostprocessing = 0;
		};
		76ECDB6D2ED3007100C70DC3 /* Frameworks */ = {
			isa = PBXFrameworksBuildPhase;
			buildActionMask = 2147483647;
			files = (
			);
			runOnlyForDeploymentPostprocessing = 0;
		};
/* End PBXFrameworksBuildPhase section */

/* Begin PBXGroup section */
		76ECDB4F2ED3007000C70DC3 = {
			isa = PBXGroup;
			children = (
				76ECDB5A2ED3007000C70DC3 /* TimeSling */,
				76ECDB692ED3007100C70DC3 /* TimeSlingTests */,
				76ECDB732ED3007100C70DC3 /* TimeSlingUITests */,
				76ECDB592ED3007000C70DC3 /* Products */,
			);
			sourceTree = "<group>";
		};
		76ECDB592ED3007000C70DC3 /* Products */ = {
			isa = PBXGroup;
			children = (
				76ECDB582ED3007000C70DC3 /* TimeSling.app */,
				76ECDB662ED3007100C70DC3 /* TimeSlingTests.xctest */,
				76ECDB702ED3007100C70DC3 /* TimeSlingUITests.xctest */,
			);
			name = Products;
			sourceTree = "<group>";
		};
/* End PBXGroup section */

/* Begin PBXNativeTarget section */
		76ECDB572ED3007000C70DC3 /* TimeSling */ = {
			isa = PBXNativeTarget;
			buildConfigurationList = 76ECDB7A2ED3007100C70DC3 /* Build configuration list for PBXNativeTarget "TimeSling" */;
			buildPhases = (
				76ECDB542ED3007000C70DC3 /* Sources */,
				76ECDB552ED3007000C70DC3 /* Frameworks */,
				76ECDB562ED3007000C70DC3 /* Resources */,
			);
			buildRules = (
			);
			dependencies = (
			);
			fileSystemSynchronizedGroups = (
				76ECDB5A2ED3007000C70DC3 /* TimeSling */,
			);
			name = TimeSling;
			packageProductDependencies = (
			);
			productName = TimeSling;
			productReference = 76ECDB582ED3007000C70DC3 /* TimeSling.app */;
			productType = "com.apple.product-type.application";
		};
		76ECDB652ED3007100C70DC3 /* TimeSlingTests */ = {
			isa = PBXNativeTarget;
			buildConfigurationList = 76ECDB7D2ED3007100C70DC3 /* Build configuration list for PBXNativeTarget "TimeSlingTests" */;
			buildPhases = (
				76ECDB622ED3007100C70DC3 /* Sources */,
				76ECDB632ED3007100C70DC3 /* Frameworks */,
				76ECDB642ED3007100C70DC3 /* Resources */,
			);
			buildRules = (
			);
			dependencies = (
				76ECDB682ED3007100C70DC3 /* PBXTargetDependency */,
			);
			fileSystemSynchronizedGroups = (
				76ECDB692ED3007100C70DC3 /* TimeSlingTests */,
			);
			name = TimeSlingTests;
			packageProductDependencies = (
			);
			productName = TimeSlingTests;
			productReference = 76ECDB662ED3007100C70DC3 /* TimeSlingTests.xctest */;
			productType = "com.apple.product-type.bundle.unit-test";
		};
		76ECDB6F2ED3007100C70DC3 /* TimeSlingUITests */ = {
			isa = PBXNativeTarget;
			buildConfigurationList = 76ECDB802ED3007100C70DC3 /* Build configuration list for PBXNativeTarget "TimeSlingUITests" */;
			buildPhases = (
				76ECDB6C2ED3007100C70DC3 /* Sources */,
				76ECDB6D2ED3007100C70DC3 /* Frameworks */,
				76ECDB6E2ED3007100C70DC3 /* Resources */,
			);
			buildRules = (
			);
			dependencies = (
				76ECDB722ED3007100C70DC3 /* PBXTargetDependency */,
			);
			fileSystemSynchronizedGroups = (
				76ECDB732ED3007100C70DC3 /* TimeSlingUITests */,
			);
			name = TimeSlingUITests;
			packageProductDependencies = (
			);
			productName = TimeSlingUITests;
			productReference = 76ECDB702ED3007100C70DC3 /* TimeSlingUITests.xctest */;
			productType = "com.apple.product-type.bundle.ui-testing";
		};
/* End PBXNativeTarget section */

/* Begin PBXProject section */
		76ECDB502ED3007000C70DC3 /* Project object */ = {
			isa = PBXProject;
			attributes = {
				BuildIndependentTargetsInParallel = 1;
				LastSwiftUpdateCheck = 1640;
				LastUpgradeCheck = 1640;
				TargetAttributes = {
					76ECDB572ED3007000C70DC3 = {
						CreatedOnToolsVersion = 16.4;
					};
					76ECDB652ED3007100C70DC3 = {
						CreatedOnToolsVersion = 16.4;
						TestTargetID = 76ECDB572ED3007000C70DC3;
					};
					76ECDB6F2ED3007100C70DC3 = {
						CreatedOnToolsVersion = 16.4;
						TestTargetID = 76ECDB572ED3007000C70DC3;
					};
				};
			};
			buildConfigurationList = 76ECDB532ED3007000C70DC3 /* Build configuration list for PBXProject "TimeSling" */;
			developmentRegion = en;
			hasScannedForEncodings = 0;
			knownRegions = (
				en,
				Base,
			);
			mainGroup = 76ECDB4F2ED3007000C70DC3;
			minimizedProjectReferenceProxies = 1;
			preferredProjectObjectVersion = 77;
			productRefGroup = 76ECDB592ED3007000C70DC3 /* Products */;
			projectDirPath = "";
			projectRoot = "";
			targets = (
				76ECDB572ED3007000C70DC3 /* TimeSling */,
				76ECDB652ED3007100C70DC3 /* TimeSlingTests */,
				76ECDB6F2ED3007100C70DC3 /* TimeSlingUITests */,
			);
		};
/* End PBXProject section */

/* Begin PBXResourcesBuildPhase section */
		76ECDB562ED3007000C70DC3 /* Resources */ = {
			isa = PBXResourcesBuildPhase;
			buildActionMask = 2147483647;
			files = (
			);
			runOnlyForDeploymentPostprocessing = 0;
		};
		76ECDB642ED3007100C70DC3 /* Resources */ = {
			isa = PBXResourcesBuildPhase;
			buildActionMask = 2147483647;
			files = (
			);
			runOnlyForDeploymentPostprocessing = 0;
		};
		76ECDB6E2ED3007100C70DC3 /* Resources */ = {
			isa = PBXResourcesBuildPhase;
			buildActionMask = 2147483647;
			files = (
			);
			runOnlyForDeploymentPostprocessing = 0;
		};
/* End PBXResourcesBuildPhase section */

/* Begin PBXSourcesBuildPhase section */
		76ECDB542ED3007000C70DC3 /* Sources */ = {
			isa = PBXSourcesBuildPhase;
			buildActionMask = 2147483647;
			files = (
			);
			runOnlyForDeploymentPostprocessing = 0;
		};
		76ECDB622ED3007100C70DC3 /* Sources */ = {
			isa = PBXSourcesBuildPhase;
			buildActionMask = 2147483647;
			files = (
			);
			runOnlyForDeploymentPostprocessing = 0;
		};
		76ECDB6C2ED3007100C70DC3 /* Sources */ = {
			isa = PBXSourcesBuildPhase;
			buildActionMask = 2147483647;
			files = (
			);
			runOnlyForDeploymentPostprocessing = 0;
		};
/* End PBXSourcesBuildPhase section */

/* Begin PBXTargetDependency section */
		76ECDB682ED3007100C70DC3 /* PBXTargetDependency */ = {
			isa = PBXTargetDependency;
			target = 76ECDB572ED3007000C70DC3 /* TimeSling */;
			targetProxy = 76ECDB672ED3007100C70DC3 /* PBXContainerItemProxy */;
		};
		76ECDB722ED3007100C70DC3 /* PBXTargetDependency */ = {
			isa = PBXTargetDependency;
			target = 76ECDB572ED3007000C70DC3 /* TimeSling */;
			targetProxy = 76ECDB712ED3007100C70DC3 /* PBXContainerItemProxy */;
		};
/* End PBXTargetDependency section */

/* Begin XCBuildConfiguration section */
		76ECDB782ED3007100C70DC3 /* Debug */ = {
			isa = XCBuildConfiguration;
			buildSettings = {
				ALWAYS_SEARCH_USER_PATHS = NO;
				ASSETCATALOG_COMPILER_GENERATE_SWIFT_ASSET_SYMBOL_EXTENSIONS = YES;
				CLANG_ANALYZER_NONNULL = YES;
				CLANG_ANALYZER_NUMBER_OBJECT_CONVERSION = YES_AGGRESSIVE;
				CLANG_CXX_LANGUAGE_STANDARD = "gnu++20";
				CLANG_ENABLE_MODULES = YES;
				CLANG_ENABLE_OBJC_ARC = YES;
				CLANG_ENABLE_OBJC_WEAK = YES;
				CLANG_WARN_BLOCK_CAPTURE_AUTORELEASING = YES;
				CLANG_WARN_BOOL_CONVERSION = YES;
				CLANG_WARN_COMMA = YES;
				CLANG_WARN_CONSTANT_CONVERSION = YES;
				CLANG_WARN_DEPRECATED_OBJC_IMPLEMENTATIONS = YES;
				CLANG_WARN_DIRECT_OBJC_ISA_USAGE = YES_ERROR;
				CLANG_WARN_DOCUMENTATION_COMMENTS = YES;
				CLANG_WARN_EMPTY_BODY = YES;
				CLANG_WARN_ENUM_CONVERSION = YES;
				CLANG_WARN_INFINITE_RECURSION = YES;
				CLANG_WARN_INT_CONVERSION = YES;
				CLANG_WARN_NON_LITERAL_NULL_CONVERSION = YES;
				CLANG_WARN_OBJC_IMPLICIT_RETAIN_SELF = YES;
				CLANG_WARN_OBJC_LITERAL_CONVERSION = YES;
				CLANG_WARN_OBJC_ROOT_CLASS = YES_ERROR;
				CLANG_WARN_QUOTED_INCLUDE_IN_FRAMEWORK_HEADER = YES;
				CLANG_WARN_RANGE_LOOP_ANALYSIS = YES;
				CLANG_WARN_STRICT_PROTOTYPES = YES;
				CLANG_WARN_SUSPICIOUS_MOVE = YES;
				CLANG_WARN_UNGUARDED_AVAILABILITY = YES_AGGRESSIVE;
				CLANG_WARN_UNREACHABLE_CODE = YES;
				CLANG_WARN__DUPLICATE_METHOD_MATCH = YES;
				COPY_PHASE_STRIP = NO;
				DEBUG_INFORMATION_FORMAT = dwarf;
				ENABLE_STRICT_OBJC_MSGSEND = YES;
				ENABLE_TESTABILITY = YES;
				ENABLE_USER_SCRIPT_SANDBOXING = YES;
				GCC_C_LANGUAGE_STANDARD = gnu17;
				GCC_DYNAMIC_NO_PIC = NO;
				GCC_NO_COMMON_BLOCKS = YES;
				GCC_OPTIMIZATION_LEVEL = 0;
				GCC_PREPROCESSOR_DEFINITIONS = (
					"DEBUG=1",
					"$(inherited)",
				);
				GCC_WARN_64_TO_32_BIT_CONVERSION = YES;
				GCC_WARN_ABOUT_RETURN_TYPE = YES_ERROR;
				GCC_WARN_UNDECLARED_SELECTOR = YES;
				GCC_WARN_UNINITIALIZED_AUTOS = YES_AGGRESSIVE;
				GCC_WARN_UNUSED_FUNCTION = YES;
				GCC_WARN_UNUSED_VARIABLE = YES;
				LOCALIZATION_PREFERS_STRING_CATALOGS = YES;
				MACOSX_DEPLOYMENT_TARGET = 15.5;
				MTL_ENABLE_DEBUG_INFO = INCLUDE_SOURCE;
				MTL_FAST_MATH = YES;
				ONLY_ACTIVE_ARCH = YES;
				SDKROOT = macosx;
				SWIFT_ACTIVE_COMPILATION_CONDITIONS = "DEBUG $(inherited)";
				SWIFT_OPTIMIZATION_LEVEL = "-Onone";
			};
			name = Debug;
		};
		76ECDB792ED3007100C70DC3 /* Release */ = {
			isa = XCBuildConfiguration;
			buildSettings = {
				ALWAYS_SEARCH_USER_PATHS = NO;
				ASSETCATALOG_COMPILER_GENERATE_SWIFT_ASSET_SYMBOL_EXTENSIONS = YES;
				CLANG_ANALYZER_NONNULL = YES;
				CLANG_ANALYZER_NUMBER_OBJECT_CONVERSION = YES_AGGRESSIVE;
				CLANG_CXX_LANGUAGE_STANDARD = "gnu++20";
				CLANG_ENABLE_MODULES = YES;
				CLANG_ENABLE_OBJC_ARC = YES;
				CLANG_ENABLE_OBJC_WEAK = YES;
				CLANG_WARN_BLOCK_CAPTURE_AUTORELEASING = YES;
				CLANG_WARN_BOOL_CONVERSION = YES;
				CLANG_WARN_COMMA = YES;
				CLANG_WARN_CONSTANT_CONVERSION = YES;
				CLANG_WARN_DEPRECATED_OBJC_IMPLEMENTATIONS = YES;
				CLANG_WARN_DIRECT_OBJC_ISA_USAGE = YES_ERROR;
				CLANG_WARN_DOCUMENTATION_COMMENTS = YES;
				CLANG_WARN_EMPTY_BODY = YES;
				CLANG_WARN_ENUM_CONVERSION = YES;
				CLANG_WARN_INFINITE_RECURSION = YES;
				CLANG_WARN_INT_CONVERSION = YES;
				CLANG_WARN_NON_LITERAL_NULL_CONVERSION = YES;
				CLANG_WARN_OBJC_IMPLICIT_RETAIN_SELF = YES;
				CLANG_WARN_OBJC_LITERAL_CONVERSION = YES;
				CLANG_WARN_OBJC_ROOT_CLASS = YES_ERROR;
				CLANG_WARN_QUOTED_INCLUDE_IN_FRAMEWORK_HEADER = YES;
				CLANG_WARN_RANGE_LOOP_ANALYSIS = YES;
				CLANG_WARN_STRICT_PROTOTYPES = YES;
				CLANG_WARN_SUSPICIOUS_MOVE = YES;
				CLANG_WARN_UNGUARDED_AVAILABILITY = YES_AGGRESSIVE;
				CLANG_WARN_UNREACHABLE_CODE = YES;
				CLANG_WARN__DUPLICATE_METHOD_MATCH = YES;
				COPY_PHASE_STRIP = NO;
				DEBUG_INFORMATION_FORMAT = "dwarf-with-dsym";
				ENABLE_NS_ASSERTIONS = NO;
				ENABLE_STRICT_OBJC_MSGSEND = YES;
				ENABLE_USER_SCRIPT_SANDBOXING = YES;
				GCC_C_LANGUAGE_STANDARD = gnu17;
				GCC_NO_COMMON_BLOCKS = YES;
				GCC_WARN_64_TO_32_BIT_CONVERSION = YES;
				GCC_WARN_ABOUT_RETURN_TYPE = YES_ERROR;
				GCC_WARN_UNDECLARED_SELECTOR = YES;
				GCC_WARN_UNINITIALIZED_AUTOS = YES_AGGRESSIVE;
				GCC_WARN_UNUSED_FUNCTION = YES;
				GCC_WARN_UNUSED_VARIABLE = YES;
				LOCALIZATION_PREFERS_STRING_CATALOGS = YES;
				MACOSX_DEPLOYMENT_TARGET = 15.5;
				MTL_ENABLE_DEBUG_INFO = NO;
				MTL_FAST_MATH = YES;
				SDKROOT = macosx;
				SWIFT_COMPILATION_MODE = wholemodule;
			};
			name = Release;
		};
		76ECDB7B2ED3007100C70DC3 /* Debug */ = {
			isa = XCBuildConfiguration;
			buildSettings = {
				ASSETCATALOG_COMPILER_APPICON_NAME = AppIcon;
				ASSETCATALOG_COMPILER_GLOBAL_ACCENT_COLOR_NAME = AccentColor;
				CODE_SIGN_ENTITLEMENTS = TimeSling/TimeSling.entitlements;
				CODE_SIGN_STYLE = Automatic;
				COMBINE_HIDPI_IMAGES = YES;
				CURRENT_PROJECT_VERSION = 1;
				ENABLE_PREVIEWS = YES;
				GENERATE_INFOPLIST_FILE = YES;
				INFOPLIST_KEY_NSHumanReadableCopyright = "";
				LD_RUNPATH_SEARCH_PATHS = (
					"$(inherited)",
					"@executable_path/../Frameworks",
				);
				MARKETING_VERSION = 1.0;
				PRODUCT_BUNDLE_IDENTIFIER = Meghan31.TimeSling;
				PRODUCT_NAME = "$(TARGET_NAME)";
				REGISTER_APP_GROUPS = YES;
				SWIFT_EMIT_LOC_STRINGS = YES;
				SWIFT_VERSION = 5.0;
			};
			name = Debug;
		};
		76ECDB7C2ED3007100C70DC3 /* Release */ = {
			isa = XCBuildConfiguration;
			buildSettings = {
				ASSETCATALOG_COMPILER_APPICON_NAME = AppIcon;
				ASSETCATALOG_COMPILER_GLOBAL_ACCENT_COLOR_NAME = AccentColor;
				CODE_SIGN_ENTITLEMENTS = TimeSling/TimeSling.entitlements;
				CODE_SIGN_STYLE = Automatic;
				COMBINE_HIDPI_IMAGES = YES;
				CURRENT_PROJECT_VERSION = 1;
				ENABLE_PREVIEWS = YES;
				GENERATE_INFOPLIST_FILE = YES;
				INFOPLIST_KEY_NSHumanReadableCopyright = "";
				LD_RUNPATH_SEARCH_PATHS = (
					"$(inherited)",
					"@executable_path/../Frameworks",
				);
				MARKETING_VERSION = 1.0;
				PRODUCT_BUNDLE_IDENTIFIER = Meghan31.TimeSling;
				PRODUCT_NAME = "$(TARGET_NAME)";
				REGISTER_APP_GROUPS = YES;
				SWIFT_EMIT_LOC_STRINGS = YES;
				SWIFT_VERSION = 5.0;
			};
			name = Release;
		};
		76ECDB7E2ED3007100C70DC3 /* Debug */ = {
			isa = XCBuildConfiguration;
			buildSettings = {
				BUNDLE_LOADER = "$(TEST_HOST)";
				CODE_SIGN_STYLE = Automatic;
				CURRENT_PROJECT_VERSION = 1;
				GENERATE_INFOPLIST_FILE = YES;
				MACOSX_DEPLOYMENT_TARGET = 15.5;
				MARKETING_VERSION = 1.0;
				PRODUCT_BUNDLE_IDENTIFIER = Meghan31.TimeSlingTests;
				PRODUCT_NAME = "$(TARGET_NAME)";
				SWIFT_EMIT_LOC_STRINGS = NO;
				SWIFT_VERSION = 5.0;
				TEST_HOST = "$(BUILT_PRODUCTS_DIR)/TimeSling.app/$(BUNDLE_EXECUTABLE_FOLDER_PATH)/TimeSling";
			};
			name = Debug;
		};
		76ECDB7F2ED3007100C70DC3 /* Release */ = {
			isa = XCBuildConfiguration;
			buildSettings = {
				BUNDLE_LOADER = "$(TEST_HOST)";
				CODE_SIGN_STYLE = Automatic;
				CURRENT_PROJECT_VERSION = 1;
				GENERATE_INFOPLIST_FILE = YES;
				MACOSX_DEPLOYMENT_TARGET = 15.5;
				MARKETING_VERSION = 1.0;
				PRODUCT_BUNDLE_IDENTIFIER = Meghan31.TimeSlingTests;
				PRODUCT_NAME = "$(TARGET_NAME)";
				SWIFT_EMIT_LOC_STRINGS = NO;
				SWIFT_VERSION = 5.0;
				TEST_HOST = "$(BUILT_PRODUCTS_DIR)/TimeSling.app/$(BUNDLE_EXECUTABLE_FOLDER_PATH)/TimeSling";
			};
			name = Release;
		};
		76ECDB812ED3007100C70DC3 /* Debug */ = {
			isa = XCBuildConfiguration;
			buildSettings = {
				CODE_SIGN_STYLE = Automatic;
				CURRENT_PROJECT_VERSION = 1;
				GENERATE_INFOPLIST_FILE = YES;
				MARKETING_VERSION = 1.0;
				PRODUCT_BUNDLE_IDENTIFIER = Meghan31.TimeSlingUITests;
				PRODUCT_NAME = "$(TARGET_NAME)";
				SWIFT_EMIT_LOC_STRINGS = NO;
				SWIFT_VERSION = 5.0;
				TEST_TARGET_NAME = TimeSling;
			};
			name = Debug;
		};
		76ECDB822ED3007100C70DC3 /* Release */ = {
			isa = XCBuildConfiguration;
			buildSettings = {
				CODE_SIGN_STYLE = Automatic;
				CURRENT_PROJECT_VERSION = 1;
				GENERATE_INFOPLIST_FILE = YES;
				MARKETING_VERSION = 1.0;
				PRODUCT_BUNDLE_IDENTIFIER = Meghan31.TimeSlingUITests;
				PRODUCT_NAME = "$(TARGET_NAME)";
				SWIFT_EMIT_LOC_STRINGS = NO;
				SWIFT_VERSION = 5.0;
				TEST_TARGET_NAME = TimeSling;
			};
			name = Release;
		};
/* End XCBuildConfiguration section */

/* Begin XCConfigurationList section */
		76ECDB532ED3007000C70DC3 /* Build configuration list for PBXProject "TimeSling" */ = {
			isa = XCConfigurationList;
			buildConfigurations = (
				76ECDB782ED3007100C70DC3 /* Debug */,
				76ECDB792ED3007100C70DC3 /* Release */,
			);
			defaultConfigurationIsVisible = 0;
			defaultConfigurationName = Release;
		};
		76ECDB7A2ED3007100C70DC3 /* Build configuration list for PBXNativeTarget "TimeSling" */ = {
			isa = XCConfigurationList;
			buildConfigurations = (
				76ECDB7B2ED3007100C70DC3 /* Debug */,
				76ECDB7C2ED3007100C70DC3 /* Release */,
			);
			defaultConfigurationIsVisible = 0;
			defaultConfigurationName = Release;
		};
		76ECDB7D2ED3007100C70DC3 /* Build configuration list for PBXNativeTarget "TimeSlingTests" */ = {
			isa = XCConfigurationList;
			buildConfigurations = (
				76ECDB7E2ED3007100C70DC3 /* Debug */,
				76ECDB7F2ED3007100C70DC3 /* Release */,
			);
			defaultConfigurationIsVisible = 0;
			defaultConfigurationName = Release;
		};
		76ECDB802ED3007100C70DC3 /* Build configuration list for PBXNativeTarget "TimeSlingUITests" */ = {
			isa = XCConfigurationList;
			buildConfigurations = (
				76ECDB812ED3007100C70DC3 /* Debug */,
				76ECDB822ED3007100C70DC3 /* Release */,
			);
			defaultConfigurationIsVisible = 0;
			defaultConfigurationName = Release;
		};
/* End XCConfigurationList section */
	};
	rootObject = 76ECDB502ED3007000C70DC3 /* Project object */;
}
